
Microsoft Visual Studio Solution File, Format Version 12.00
# Visual Studio Version 17
VisualStudioVersion = 17.9.34518.117
MinimumVisualStudioVersion = 10.0.40219.1
Project("{FAE04EC0-301F-11D3-BF4B-00C04F79EFBC}") = "ASP.NET Core Practice", "ASP.NET Core Practice\ASP.NET Core Practice.csproj", "{46E5DEAF-4783-4E9A-AA07-59BB2BD51D3B}"
EndProject
Global
	GlobalSection(SolutionConfigurationPlatforms) = preSolution
		Debug|Any CPU = Debug|Any CPU
		Release|Any CPU = Release|Any CPU
	EndGlobalSection
	GlobalSection(ProjectConfigurationPlatforms) = postSolution
		{46E5DEAF-4783-4E9A-AA07-59BB2BD51D3B}.Debug|Any CPU.ActiveCfg = Debug|Any CPU
		{46E5DEAF-4783-4E9A-AA07-59BB2BD51D3B}.Debug|Any CPU.Build.0 = Debug|Any CPU
		{46E5DEAF-4783-4E9A-AA07-59BB2BD51D3B}.Release|Any CPU.ActiveCfg = Release|Any CPU
		{46E5DEAF-4783-4E9A-AA07-59BB2BD51D3B}.Release|Any CPU.Build.0 = Release|Any CPU
	EndGlobalSection
	GlobalSection(SolutionProperties) = preSolution
		HideSolutionNode = FALSE
	EndGlobalSection
	GlobalSection(ExtensibilityGlobals) = postSolution
		SolutionGuid = {7B459F58-0E9E-4170-93D1-1BA07B75102B}
	EndGlobalSection
EndGlobal
