
Microsoft Visual Studio Solution File, Format Version 12.00
# Visual Studio Version 17
VisualStudioVersion = 17.9.34518.117
MinimumVisualStudioVersion = 10.0.40219.1
Project("{FAE04EC0-301F-11D3-BF4B-00C04F79EFBC}") = "ModelsInASPCore", "ModelsInASPCore\ModelsInASPCore.csproj", "{8DA66451-B576-414A-9760-80FA2BE1284A}"
EndProject
Global
	GlobalSection(SolutionConfigurationPlatforms) = preSolution
		Debug|Any CPU = Debug|Any CPU
		Release|Any CPU = Release|Any CPU
	EndGlobalSection
	GlobalSection(ProjectConfigurationPlatforms) = postSolution
		{8DA66451-B576-414A-9760-80FA2BE1284A}.Debug|Any CPU.ActiveCfg = Debug|Any CPU
		{8DA66451-B576-414A-9760-80FA2BE1284A}.Debug|Any CPU.Build.0 = Debug|Any CPU
		{8DA66451-B576-414A-9760-80FA2BE1284A}.Release|Any CPU.ActiveCfg = Release|Any CPU
		{8DA66451-B576-414A-9760-80FA2BE1284A}.Release|Any CPU.Build.0 = Release|Any CPU
	EndGlobalSection
	GlobalSection(SolutionProperties) = preSolution
		HideSolutionNode = FALSE
	EndGlobalSection
	GlobalSection(ExtensibilityGlobals) = postSolution
		SolutionGuid = {CC64916D-5F18-44E6-B616-F7017260C16D}
	EndGlobalSection
EndGlobal
