
Microsoft Visual Studio Solution File, Format Version 12.00
# Visual Studio Version 17
VisualStudioVersion = 17.9.34518.117
MinimumVisualStudioVersion = 10.0.40219.1
Project("{FAE04EC0-301F-11D3-BF4B-00C04F79EFBC}") = "ControllersAndActions", "ControllersAndActions\ControllersAndActions.csproj", "{CEA356FB-1F3F-40BF-9DA9-2ED62703031A}"
EndProject
Global
	GlobalSection(SolutionConfigurationPlatforms) = preSolution
		Debug|Any CPU = Debug|Any CPU
		Release|Any CPU = Release|Any CPU
	EndGlobalSection
	GlobalSection(ProjectConfigurationPlatforms) = postSolution
		{CEA356FB-1F3F-40BF-9DA9-2ED62703031A}.Debug|Any CPU.ActiveCfg = Debug|Any CPU
		{CEA356FB-1F3F-40BF-9DA9-2ED62703031A}.Debug|Any CPU.Build.0 = Debug|Any CPU
		{CEA356FB-1F3F-40BF-9DA9-2ED62703031A}.Release|Any CPU.ActiveCfg = Release|Any CPU
		{CEA356FB-1F3F-40BF-9DA9-2ED62703031A}.Release|Any CPU.Build.0 = Release|Any CPU
	EndGlobalSection
	GlobalSection(SolutionProperties) = preSolution
		HideSolutionNode = FALSE
	EndGlobalSection
	GlobalSection(ExtensibilityGlobals) = postSolution
		SolutionGuid = {70A82A67-64F2-4FFF-AE8F-A7FD24F878A0}
	EndGlobalSection
EndGlobal
